
Microsoft Visual Studio Solution File, Format Version 12.00
# Visual Studio Version 16
VisualStudioVersion = 16.0.30225.117
MinimumVisualStudioVersion = 10.0.40219.1
Project("{FAE04EC0-301F-11D3-BF4B-00C04F79EFBC}") = "CSharpFundamentals", "CSharpFundamentals\CSharpFundamentals.csproj", "{B899EE40-4754-44B7-81D7-9868711B47CA}"
EndProject
Global
	GlobalSection(SolutionConfigurationPlatforms) = preSolution
		Debug|Any CPU = Debug|Any CPU
		Release|Any CPU = Release|Any CPU
	EndGlobalSection
	GlobalSection(ProjectConfigurationPlatforms) = postSolution
		{B899EE40-4754-44B7-81D7-9868711B47CA}.Debug|Any CPU.ActiveCfg = Debug|Any CPU
		{B899EE40-4754-44B7-81D7-9868711B47CA}.Debug|Any CPU.Build.0 = Debug|Any CPU
		{B899EE40-4754-44B7-81D7-9868711B47CA}.Release|Any CPU.ActiveCfg = Release|Any CPU
		{B899EE40-4754-44B7-81D7-9868711B47CA}.Release|Any CPU.Build.0 = Release|Any CPU
	EndGlobalSection
	GlobalSection(SolutionProperties) = preSolution
		HideSolutionNode = FALSE
	EndGlobalSection
	GlobalSection(ExtensibilityGlobals) = postSolution
		SolutionGuid = {799AEDFE-F692-4B68-8468-4719BD5A3E94}
	EndGlobalSection
EndGlobal
