
Microsoft Visual Studio Solution File, Format Version 12.00
# Visual Studio Version 16
VisualStudioVersion = 16.0.30225.117
MinimumVisualStudioVersion = 10.0.40219.1
Project("{FAE04EC0-301F-11D3-BF4B-00C04F79EFBC}") = "Generics", "Generics\Generics.csproj", "{2FF7A614-E3A0-41C3-933B-A3E60E0BFA2C}"
EndProject
Global
	GlobalSection(SolutionConfigurationPlatforms) = preSolution
		Debug|Any CPU = Debug|Any CPU
		Release|Any CPU = Release|Any CPU
	EndGlobalSection
	GlobalSection(ProjectConfigurationPlatforms) = postSolution
		{2FF7A614-E3A0-41C3-933B-A3E60E0BFA2C}.Debug|Any CPU.ActiveCfg = Debug|Any CPU
		{2FF7A614-E3A0-41C3-933B-A3E60E0BFA2C}.Debug|Any CPU.Build.0 = Debug|Any CPU
		{2FF7A614-E3A0-41C3-933B-A3E60E0BFA2C}.Release|Any CPU.ActiveCfg = Release|Any CPU
		{2FF7A614-E3A0-41C3-933B-A3E60E0BFA2C}.Release|Any CPU.Build.0 = Release|Any CPU
	EndGlobalSection
	GlobalSection(SolutionProperties) = preSolution
		HideSolutionNode = FALSE
	EndGlobalSection
	GlobalSection(ExtensibilityGlobals) = postSolution
		SolutionGuid = {14BF8EBE-04EA-4865-85EA-9CD0289A00A2}
	EndGlobalSection
EndGlobal
