
Microsoft Visual Studio Solution File, Format Version 12.00
# Visual Studio Version 16
VisualStudioVersion = 16.0.30225.117
MinimumVisualStudioVersion = 10.0.40219.1
Project("{FAE04EC0-301F-11D3-BF4B-00C04F79EFBC}") = "Csharp-stringbuilder", "Csharp-stringbuilder\Csharp-stringbuilder.csproj", "{912C20DB-4B59-4CEC-B40A-92DF54590940}"
EndProject
Global
	GlobalSection(SolutionConfigurationPlatforms) = preSolution
		Debug|Any CPU = Debug|Any CPU
		Release|Any CPU = Release|Any CPU
	EndGlobalSection
	GlobalSection(ProjectConfigurationPlatforms) = postSolution
		{912C20DB-4B59-4CEC-B40A-92DF54590940}.Debug|Any CPU.ActiveCfg = Debug|Any CPU
		{912C20DB-4B59-4CEC-B40A-92DF54590940}.Debug|Any CPU.Build.0 = Debug|Any CPU
		{912C20DB-4B59-4CEC-B40A-92DF54590940}.Release|Any CPU.ActiveCfg = Release|Any CPU
		{912C20DB-4B59-4CEC-B40A-92DF54590940}.Release|Any CPU.Build.0 = Release|Any CPU
	EndGlobalSection
	GlobalSection(SolutionProperties) = preSolution
		HideSolutionNode = FALSE
	EndGlobalSection
	GlobalSection(ExtensibilityGlobals) = postSolution
		SolutionGuid = {9EAA0923-5970-49B6-BD15-280DC7A6E2D0}
	EndGlobalSection
EndGlobal
