
Microsoft Visual Studio Solution File, Format Version 12.00
# Visual Studio Version 16
VisualStudioVersion = 16.0.30225.117
MinimumVisualStudioVersion = 10.0.40219.1
Project("{FAE04EC0-301F-11D3-BF4B-00C04F79EFBC}") = "InterfacesExercises", "InterfacesExercises\InterfacesExercises.csproj", "{88F95C62-5145-4894-9050-CC7C862A591F}"
EndProject
Global
	GlobalSection(SolutionConfigurationPlatforms) = preSolution
		Debug|Any CPU = Debug|Any CPU
		Release|Any CPU = Release|Any CPU
	EndGlobalSection
	GlobalSection(ProjectConfigurationPlatforms) = postSolution
		{88F95C62-5145-4894-9050-CC7C862A591F}.Debug|Any CPU.ActiveCfg = Debug|Any CPU
		{88F95C62-5145-4894-9050-CC7C862A591F}.Debug|Any CPU.Build.0 = Debug|Any CPU
		{88F95C62-5145-4894-9050-CC7C862A591F}.Release|Any CPU.ActiveCfg = Release|Any CPU
		{88F95C62-5145-4894-9050-CC7C862A591F}.Release|Any CPU.Build.0 = Release|Any CPU
	EndGlobalSection
	GlobalSection(SolutionProperties) = preSolution
		HideSolutionNode = FALSE
	EndGlobalSection
	GlobalSection(ExtensibilityGlobals) = postSolution
		SolutionGuid = {91E146BB-4FE1-47F2-9AAC-93A204E89D8E}
	EndGlobalSection
EndGlobal
