
Microsoft Visual Studio Solution File, Format Version 12.00
# Visual Studio Version 16
VisualStudioVersion = 16.0.30225.117
MinimumVisualStudioVersion = 10.0.40219.1
Project("{FAE04EC0-301F-11D3-BF4B-00C04F79EFBC}") = "Events", "Events\Events.csproj", "{F009F1B0-6B05-493D-BC0B-DBA9ABBEA5AE}"
EndProject
Global
	GlobalSection(SolutionConfigurationPlatforms) = preSolution
		Debug|Any CPU = Debug|Any CPU
		Release|Any CPU = Release|Any CPU
	EndGlobalSection
	GlobalSection(ProjectConfigurationPlatforms) = postSolution
		{F009F1B0-6B05-493D-BC0B-DBA9ABBEA5AE}.Debug|Any CPU.ActiveCfg = Debug|Any CPU
		{F009F1B0-6B05-493D-BC0B-DBA9ABBEA5AE}.Debug|Any CPU.Build.0 = Debug|Any CPU
		{F009F1B0-6B05-493D-BC0B-DBA9ABBEA5AE}.Release|Any CPU.ActiveCfg = Release|Any CPU
		{F009F1B0-6B05-493D-BC0B-DBA9ABBEA5AE}.Release|Any CPU.Build.0 = Release|Any CPU
	EndGlobalSection
	GlobalSection(SolutionProperties) = preSolution
		HideSolutionNode = FALSE
	EndGlobalSection
	GlobalSection(ExtensibilityGlobals) = postSolution
		SolutionGuid = {8B4CB829-F44A-4049-AC77-E68751B28A17}
	EndGlobalSection
EndGlobal
